// !$*UTF8*$!
{
	archiveVersion = 1;
	classes = {
	};
	objectVersion = 50;
	objects = {

/* Begin PBXBuildFile section */
		E4195AAF239F93340096D314 /* AppDelegate.m in Sources */ = {isa = PBXBuildFile; fileRef = E4195AAE239F93340096D314 /* AppDelegate.m */; };
		E4195AB2239F93340096D314 /* ViewController.m in Sources */ = {isa = PBXBuildFile; fileRef = E4195AB1239F93340096D314 /* ViewController.m */; };
		E4195AB5239F93340096D314 /* Main.storyboard in Resources */ = {isa = PBXBuildFile; fileRef = E4195AB3239F93340096D314 /* Main.storyboard */; };
		E4195AB7239F93350096D314 /* Assets.xcassets in Resources */ = {isa = PBXBuildFile; fileRef = E4195AB6239F93350096D314 /* Assets.xcassets */; };
		E4195ABA239F93350096D314 /* LaunchScreen.storyboard in Resources */ = {isa = PBXBuildFile; fileRef = E4195AB8239F93350096D314 /* LaunchScreen.storyboard */; };
		E4195ABD239F93350096D314 /* main.m in Sources */ = {isa = PBXBuildFile; fileRef = E4195ABC239F93350096D314 /* main.m */; };
		E4195AC7239F93350096D314 /* __Tests.m in Sources */ = {isa = PBXBuildFile; fileRef = E4195AC6239F93350096D314 /* __Tests.m */; };
		E4195AD2239F93350096D314 /* __UITests.m in Sources */ = {isa = PBXBuildFile; fileRef = E4195AD1239F93350096D314 /* __UITests.m */; };
/* End PBXBuildFile section */

/* Begin PBXContainerItemProxy section */
		E4195AC3239F93350096D314 /* PBXContainerItemProxy */ = {
			isa = PBXContainerItemProxy;
			containerPortal = E4195AA2239F93340096D314 /* Project object */;
			proxyType = 1;
			remoteGlobalIDString = E4195AA9239F93340096D314;
			remoteInfo = "测试";
		};
		E4195ACE239F93350096D314 /* PBXContainerItemProxy */ = {
			isa = PBXContainerItemProxy;
			containerPortal = E4195AA2239F93340096D314 /* Project object */;
			proxyType = 1;
			remoteGlobalIDString = E4195AA9239F93340096D314;
			remoteInfo = "测试";
		};
/* End PBXContainerItemProxy section */

/* Begin PBXFileReference section */
		E4195AAA239F93340096D314 /* 测试.app */ = {isa = PBXFileReference; explicitFileType = wrapper.application; includeInIndex = 0; path = "测试.app"; sourceTree = BUILT_PRODUCTS_DIR; };
		E4195AAD239F93340096D314 /* AppDelegate.h */ = {isa = PBXFileReference; lastKnownFileType = sourcecode.c.h; path = AppDelegate.h; sourceTree = "<group>"; };
		E4195AAE239F93340096D314 /* AppDelegate.m */ = {isa = PBXFileReference; lastKnownFileType = sourcecode.c.objc; path = AppDelegate.m; sourceTree = "<group>"; };
		E4195AB0239F93340096D314 /* ViewController.h */ = {isa = PBXFileReference; lastKnownFileType = sourcecode.c.h; path = ViewController.h; sourceTree = "<group>"; };
		E4195AB1239F93340096D314 /* ViewController.m */ = {isa = PBXFileReference; lastKnownFileType = sourcecode.c.objc; path = ViewController.m; sourceTree = "<group>"; };
		E4195AB4239F93340096D314 /* Base */ = {isa = PBXFileReference; lastKnownFileType = file.storyboard; name = Base; path = Base.lproj/Main.storyboard; sourceTree = "<group>"; };
		E4195AB6239F93350096D314 /* Assets.xcassets */ = {isa = PBXFileReference; lastKnownFileType = folder.assetcatalog; path = Assets.xcassets; sourceTree = "<group>"; };
		E4195AB9239F93350096D314 /* Base */ = {isa = PBXFileReference; lastKnownFileType = file.storyboard; name = Base; path = Base.lproj/LaunchScreen.storyboard; sourceTree = "<group>"; };
		E4195ABB239F93350096D314 /* Info.plist */ = {isa = PBXFileReference; lastKnownFileType = text.plist.xml; path = Info.plist; sourceTree = "<group>"; };
		E4195ABC239F93350096D314 /* main.m */ = {isa = PBXFileReference; lastKnownFileType = sourcecode.c.objc; path = main.m; sourceTree = "<group>"; };
		E4195AC2239F93350096D314 /* 测试Tests.xctest */ = {isa = PBXFileReference; explicitFileType = wrapper.cfbundle; includeInIndex = 0; path = "测试Tests.xctest"; sourceTree = BUILT_PRODUCTS_DIR; };
		E4195AC6239F93350096D314 /* __Tests.m */ = {isa = PBXFileReference; lastKnownFileType = sourcecode.c.objc; path = __Tests.m; sourceTree = "<group>"; };
		E4195AC8239F93350096D314 /* Info.plist */ = {isa = PBXFileReference; lastKnownFileType = text.plist.xml; path = Info.plist; sourceTree = "<group>"; };
		E4195ACD239F93350096D314 /* 测试UITests.xctest */ = {isa = PBXFileReference; explicitFileType = wrapper.cfbundle; includeInIndex = 0; path = "测试UITests.xctest"; sourceTree = BUILT_PRODUCTS_DIR; };
		E4195AD1239F93350096D314 /* __UITests.m */ = {isa = PBXFileReference; lastKnownFileType = sourcecode.c.objc; path = __UITests.m; sourceTree = "<group>"; };
		E4195AD3239F93350096D314 /* Info.plist */ = {isa = PBXFileReference; lastKnownFileType = text.plist.xml; path = Info.plist; sourceTree = "<group>"; };
/* End PBXFileReference section */

/* Begin PBXFrameworksBuildPhase section */
		E4195AA7239F93340096D314 /* Frameworks */ = {
			isa = PBXFrameworksBuildPhase;
			buildActionMask = 2147483647;
			files = (
			);
			runOnlyForDeploymentPostprocessing = 0;
		};
		E4195ABF239F93350096D314 /* Frameworks */ = {
			isa = PBXFrameworksBuildPhase;
			buildActionMask = 2147483647;
			files = (
			);
			runOnlyForDeploymentPostprocessing = 0;
		};
		E4195ACA239F93350096D314 /* Frameworks */ = {
			isa = PBXFrameworksBuildPhase;
			buildActionMask = 2147483647;
			files = (
			);
			runOnlyForDeploymentPostprocessing = 0;
		};
/* End PBXFrameworksBuildPhase section */

/* Begin PBXGroup section */
		E4195AA1239F93340096D314 = {
			isa = PBXGroup;
			children = (
				E4195AAC239F93340096D314 /* 测试 */,
				E4195AC5239F93350096D314 /* 测试Tests */,
				E4195AD0239F93350096D314 /* 测试UITests */,
				E4195AAB239F93340096D314 /* Products */,
			);
			sourceTree = "<group>";
		};
		E4195AAB239F93340096D314 /* Products */ = {
			isa = PBXGroup;
			children = (
				E4195AAA239F93340096D314 /* 测试.app */,
				E4195AC2239F93350096D314 /* 测试Tests.xctest */,
				E4195ACD239F93350096D314 /* 测试UITests.xctest */,
			);
			name = Products;
			sourceTree = "<group>";
		};
		E4195AAC239F93340096D314 /* 测试 */ = {
			isa = PBXGroup;
			children = (
				E4195AAD239F93340096D314 /* AppDelegate.h */,
				E4195AAE239F93340096D314 /* AppDelegate.m */,
				E4195AB0239F93340096D314 /* ViewController.h */,
				E4195AB1239F93340096D314 /* ViewController.m */,
				E4195AB3239F93340096D314 /* Main.storyboard */,
				E4195AB6239F93350096D314 /* Assets.xcassets */,
				E4195AB8239F93350096D314 /* LaunchScreen.storyboard */,
				E4195ABB239F93350096D314 /* Info.plist */,
				E4195ABC239F93350096D314 /* main.m */,
			);
			path = "测试";
			sourceTree = "<group>";
		};
		E4195AC5239F93350096D314 /* 测试Tests */ = {
			isa = PBXGroup;
			children = (
				E4195AC6239F93350096D314 /* __Tests.m */,
				E4195AC8239F93350096D314 /* Info.plist */,
			);
			path = "测试Tests";
			sourceTree = "<group>";
		};
		E4195AD0239F93350096D314 /* 测试UITests */ = {
			isa = PBXGroup;
			children = (
				E4195AD1239F93350096D314 /* __UITests.m */,
				E4195AD3239F93350096D314 /* Info.plist */,
			);
			path = "测试UITests";
			sourceTree = "<group>";
		};
/* End PBXGroup section */

/* Begin PBXNativeTarget section */
		E4195AA9239F93340096D314 /* 测试 */ = {
			isa = PBXNativeTarget;
			buildConfigurationList = E4195AD6239F93350096D314 /* Build configuration list for PBXNativeTarget "测试" */;
			buildPhases = (
				E4195AA6239F93340096D314 /* Sources */,
				E4195AA7239F93340096D314 /* Frameworks */,
				E4195AA8239F93340096D314 /* Resources */,
			);
			buildRules = (
			);
			dependencies = (
			);
			name = "测试";
			productName = "测试";
			productReference = E4195AAA239F93340096D314 /* 测试.app */;
			productType = "com.apple.product-type.application";
		};
		E4195AC1239F93350096D314 /* 测试Tests */ = {
			isa = PBXNativeTarget;
			buildConfigurationList = E4195AD9239F93350096D314 /* Build configuration list for PBXNativeTarget "测试Tests" */;
			buildPhases = (
				E4195ABE239F93350096D314 /* Sources */,
				E4195ABF239F93350096D314 /* Frameworks */,
				E4195AC0239F93350096D314 /* Resources */,
			);
			buildRules = (
			);
			dependencies = (
				E4195AC4239F93350096D314 /* PBXTargetDependency */,
			);
			name = "测试Tests";
			productName = "测试Tests";
			productReference = E4195AC2239F93350096D314 /* 测试Tests.xctest */;
			productType = "com.apple.product-type.bundle.unit-test";
		};
		E4195ACC239F93350096D314 /* 测试UITests */ = {
			isa = PBXNativeTarget;
			buildConfigurationList = E4195ADC239F93350096D314 /* Build configuration list for PBXNativeTarget "测试UITests" */;
			buildPhases = (
				E4195AC9239F93350096D314 /* Sources */,
				E4195ACA239F93350096D314 /* Frameworks */,
				E4195ACB239F93350096D314 /* Resources */,
			);
			buildRules = (
			);
			dependencies = (
				E4195ACF239F93350096D314 /* PBXTargetDependency */,
			);
			name = "测试UITests";
			productName = "测试UITests";
			productReference = E4195ACD239F93350096D314 /* 测试UITests.xctest */;
			productType = "com.apple.product-type.bundle.ui-testing";
		};
/* End PBXNativeTarget section */

/* Begin PBXProject section */
		E4195AA2239F93340096D314 /* Project object */ = {
			isa = PBXProject;
			attributes = {
				LastUpgradeCheck = 0930;
				ORGANIZATIONNAME = fujia;
				TargetAttributes = {
					E4195AA9239F93340096D314 = {
						CreatedOnToolsVersion = 9.3;
					};
					E4195AC1239F93350096D314 = {
						CreatedOnToolsVersion = 9.3;
						TestTargetID = E4195AA9239F93340096D314;
					};
					E4195ACC239F93350096D314 = {
						CreatedOnToolsVersion = 9.3;
						TestTargetID = E4195AA9239F93340096D314;
					};
				};
			};
			buildConfigurationList = E4195AA5239F93340096D314 /* Build configuration list for PBXProject "测试" */;
			compatibilityVersion = "Xcode 9.3";
			developmentRegion = en;
			hasScannedForEncodings = 0;
			knownRegions = (
				en,
				Base,
			);
			mainGroup = E4195AA1239F93340096D314;
			productRefGroup = E4195AAB239F93340096D314 /* Products */;
			projectDirPath = "";
			projectRoot = "";
			targets = (
				E4195AA9239F93340096D314 /* 测试 */,
				E4195AC1239F93350096D314 /* 测试Tests */,
				E4195ACC239F93350096D314 /* 测试UITests */,
			);
		};
/* End PBXProject section */

/* Begin PBXResourcesBuildPhase section */
		E4195AA8239F93340096D314 /* Resources */ = {
			isa = PBXResourcesBuildPhase;
			buildActionMask = 2147483647;
			files = (
				E4195ABA239F93350096D314 /* LaunchScreen.storyboard in Resources */,
				E4195AB7239F93350096D314 /* Assets.xcassets in Resources */,
				E4195AB5239F93340096D314 /* Main.storyboard in Resources */,
			);
			runOnlyForDeploymentPostprocessing = 0;
		};
		E4195AC0239F93350096D314 /* Resources */ = {
			isa = PBXResourcesBuildPhase;
			buildActionMask = 2147483647;
			files = (
			);
			runOnlyForDeploymentPostprocessing = 0;
		};
		E4195ACB239F93350096D314 /* Resources */ = {
			isa = PBXResourcesBuildPhase;
			buildActionMask = 2147483647;
			files = (
			);
			runOnlyForDeploymentPostprocessing = 0;
		};
/* End PBXResourcesBuildPhase section */

/* Begin PBXSourcesBuildPhase section */
		E4195AA6239F93340096D314 /* Sources */ = {
			isa = PBXSourcesBuildPhase;
			buildActionMask = 2147483647;
			files = (
				E4195AB2239F93340096D314 /* ViewController.m in Sources */,
				E4195ABD239F93350096D314 /* main.m in Sources */,
				E4195AAF239F93340096D314 /* AppDelegate.m in Sources */,
			);
			runOnlyForDeploymentPostprocessing = 0;
		};
		E4195ABE239F93350096D314 /* Sources */ = {
			isa = PBXSourcesBuildPhase;
			buildActionMask = 2147483647;
			files = (
				E4195AC7239F93350096D314 /* __Tests.m in Sources */,
			);
			runOnlyForDeploymentPostprocessing = 0;
		};
		E4195AC9239F93350096D314 /* Sources */ = {
			isa = PBXSourcesBuildPhase;
			buildActionMask = 2147483647;
			files = (
				E4195AD2239F93350096D314 /* __UITests.m in Sources */,
			);
			runOnlyForDeploymentPostprocessing = 0;
		};
/* End PBXSourcesBuildPhase section */

/* Begin PBXTargetDependency section */
		E4195AC4239F93350096D314 /* PBXTargetDependency */ = {
			isa = PBXTargetDependency;
			target = E4195AA9239F93340096D314 /* 测试 */;
			targetProxy = E4195AC3239F93350096D314 /* PBXContainerItemProxy */;
		};
		E4195ACF239F93350096D314 /* PBXTargetDependency */ = {
			isa = PBXTargetDependency;
			target = E4195AA9239F93340096D314 /* 测试 */;
			targetProxy = E4195ACE239F93350096D314 /* PBXContainerItemProxy */;
		};
/* End PBXTargetDependency section */

/* Begin PBXVariantGroup section */
		E4195AB3239F93340096D314 /* Main.storyboard */ = {
			isa = PBXVariantGroup;
			children = (
				E4195AB4239F93340096D314 /* Base */,
			);
			name = Main.storyboard;
			sourceTree = "<group>";
		};
		E4195AB8239F93350096D314 /* LaunchScreen.storyboard */ = {
			isa = PBXVariantGroup;
			children = (
				E4195AB9239F93350096D314 /* Base */,
			);
			name = LaunchScreen.storyboard;
			sourceTree = "<group>";
		};
/* End PBXVariantGroup section */

/* Begin XCBuildConfiguration section */
		E4195AD4239F93350096D314 /* Debug */ = {
			isa = XCBuildConfiguration;
			buildSettings = {
				ALWAYS_SEARCH_USER_PATHS = NO;
				CLANG_ANALYZER_NONNULL = YES;
				CLANG_ANALYZER_NUMBER_OBJECT_CONVERSION = YES_AGGRESSIVE;
				CLANG_CXX_LANGUAGE_STANDARD = "gnu++14";
				CLANG_CXX_LIBRARY = "libc++";
				CLANG_ENABLE_MODULES = YES;
				CLANG_ENABLE_OBJC_ARC = YES;
				CLANG_ENABLE_OBJC_WEAK = YES;
				CLANG_WARN_BLOCK_CAPTURE_AUTORELEASING = YES;
				CLANG_WARN_BOOL_CONVERSION = YES;
				CLANG_WARN_COMMA = YES;
				CLANG_WARN_CONSTANT_CONVERSION = YES;
				CLANG_WARN_DEPRECATED_OBJC_IMPLEMENTATIONS = YES;
				CLANG_WARN_DIRECT_OBJC_ISA_USAGE = YES_ERROR;
				CLANG_WARN_DOCUMENTATION_COMMENTS = YES;
				CLANG_WARN_EMPTY_BODY = YES;
				CLANG_WARN_ENUM_CONVERSION = YES;
				CLANG_WARN_INFINITE_RECURSION = YES;
				CLANG_WARN_INT_CONVERSION = YES;
				CLANG_WARN_NON_LITERAL_NULL_CONVERSION = YES;
				CLANG_WARN_OBJC_IMPLICIT_RETAIN_SELF = YES;
				CLANG_WARN_OBJC_LITERAL_CONVERSION = YES;
				CLANG_WARN_OBJC_ROOT_CLASS = YES_ERROR;
				CLANG_WARN_RANGE_LOOP_ANALYSIS = YES;
				CLANG_WARN_STRICT_PROTOTYPES = YES;
				CLANG_WARN_SUSPICIOUS_MOVE = YES;
				CLANG_WARN_UNGUARDED_AVAILABILITY = YES_AGGRESSIVE;
				CLANG_WARN_UNREACHABLE_CODE = YES;
				CLANG_WARN__DUPLICATE_METHOD_MATCH = YES;
				CODE_SIGN_IDENTITY = "iPhone Developer";
				COPY_PHASE_STRIP = NO;
				DEBUG_INFORMATION_FORMAT = dwarf;
				ENABLE_STRICT_OBJC_MSGSEND = YES;
				ENABLE_TESTABILITY = YES;
				GCC_C_LANGUAGE_STANDARD = gnu11;
				GCC_DYNAMIC_NO_PIC = NO;
				GCC_NO_COMMON_BLOCKS = YES;
				GCC_OPTIMIZATION_LEVEL = 0;
				GCC_PREPROCESSOR_DEFINITIONS = (
					"DEBUG=1",
					"$(inherited)",
				);
				GCC_WARN_64_TO_32_BIT_CONVERSION = YES;
				GCC_WARN_ABOUT_RETURN_TYPE = YES_ERROR;
				GCC_WARN_UNDECLARED_SELECTOR = YES;
				GCC_WARN_UNINITIALIZED_AUTOS = YES_AGGRESSIVE;
				GCC_WARN_UNUSED_FUNCTION = YES;
				GCC_WARN_UNUSED_VARIABLE = YES;
				IPHONEOS_DEPLOYMENT_TARGET = 11.3;
				MTL_ENABLE_DEBUG_INFO = YES;
				ONLY_ACTIVE_ARCH = YES;
				SDKROOT = iphoneos;
			};
			name = Debug;
		};
		E4195AD5239F93350096D314 /* Release */ = {
			isa = XCBuildConfiguration;
			buildSettings = {
				ALWAYS_SEARCH_USER_PATHS = NO;
				CLANG_ANALYZER_NONNULL = YES;
				CLANG_ANALYZER_NUMBER_OBJECT_CONVERSION = YES_AGGRESSIVE;
				CLANG_CXX_LANGUAGE_STANDARD = "gnu++14";
				CLANG_CXX_LIBRARY = "libc++";
				CLANG_ENABLE_MODULES = YES;
				CLANG_ENABLE_OBJC_ARC = YES;
				CLANG_ENABLE_OBJC_WEAK = YES;
				CLANG_WARN_BLOCK_CAPTURE_AUTORELEASING = YES;
				CLANG_WARN_BOOL_CONVERSION = YES;
				CLANG_WARN_COMMA = YES;
				CLANG_WARN_CONSTANT_CONVERSION = YES;
				CLANG_WARN_DEPRECATED_OBJC_IMPLEMENTATIONS = YES;
				CLANG_WARN_DIRECT_OBJC_ISA_USAGE = YES_ERROR;
				CLANG_WARN_DOCUMENTATION_COMMENTS = YES;
				CLANG_WARN_EMPTY_BODY = YES;
				CLANG_WARN_ENUM_CONVERSION = YES;
				CLANG_WARN_INFINITE_RECURSION = YES;
				CLANG_WARN_INT_CONVERSION = YES;
				CLANG_WARN_NON_LITERAL_NULL_CONVERSION = YES;
				CLANG_WARN_OBJC_IMPLICIT_RETAIN_SELF = YES;
				CLANG_WARN_OBJC_LITERAL_CONVERSION = YES;
				CLANG_WARN_OBJC_ROOT_CLASS = YES_ERROR;
				CLANG_WARN_RANGE_LOOP_ANALYSIS = YES;
				CLANG_WARN_STRICT_PROTOTYPES = YES;
				CLANG_WARN_SUSPICIOUS_MOVE = YES;
				CLANG_WARN_UNGUARDED_AVAILABILITY = YES_AGGRESSIVE;
				CLANG_WARN_UNREACHABLE_CODE = YES;
				CLANG_WARN__DUPLICATE_METHOD_MATCH = YES;
				CODE_SIGN_IDENTITY = "iPhone Developer";
				COPY_PHASE_STRIP = NO;
				DEBUG_INFORMATION_FORMAT = "dwarf-with-dsym";
				ENABLE_NS_ASSERTIONS = NO;
				ENABLE_STRICT_OBJC_MSGSEND = YES;
				GCC_C_LANGUAGE_STANDARD = gnu11;
				GCC_NO_COMMON_BLOCKS = YES;
				GCC_WARN_64_TO_32_BIT_CONVERSION = YES;
				GCC_WARN_ABOUT_RETURN_TYPE = YES_ERROR;
				GCC_WARN_UNDECLARED_SELECTOR = YES;
				GCC_WARN_UNINITIALIZED_AUTOS = YES_AGGRESSIVE;
				GCC_WARN_UNUSED_FUNCTION = YES;
				GCC_WARN_UNUSED_VARIABLE = YES;
				IPHONEOS_DEPLOYMENT_TARGET = 11.3;
				MTL_ENABLE_DEBUG_INFO = NO;
				SDKROOT = iphoneos;
				VALIDATE_PRODUCT = YES;
			};
			name = Release;
		};
		E4195AD7239F93350096D314 /* Debug */ = {
			isa = XCBuildConfiguration;
			buildSettings = {
				ASSETCATALOG_COMPILER_APPICON_NAME = AppIcon;
				CODE_SIGN_STYLE = Automatic;
				INFOPLIST_FILE = "测试/Info.plist";
				LD_RUNPATH_SEARCH_PATHS = (
					"$(inherited)",
					"@executable_path/Frameworks",
				);
				PRODUCT_BUNDLE_IDENTIFIER = "fujia.--";
				PRODUCT_NAME = "$(TARGET_NAME)";
				TARGETED_DEVICE_FAMILY = "1,2";
			};
			name = Debug;
		};
		E4195AD8239F93350096D314 /* Release */ = {
			isa = XCBuildConfiguration;
			buildSettings = {
				ASSETCATALOG_COMPILER_APPICON_NAME = AppIcon;
				CODE_SIGN_STYLE = Automatic;
				INFOPLIST_FILE = "测试/Info.plist";
				LD_RUNPATH_SEARCH_PATHS = (
					"$(inherited)",
					"@executable_path/Frameworks",
				);
				PRODUCT_BUNDLE_IDENTIFIER = "fujia.--";
				PRODUCT_NAME = "$(TARGET_NAME)";
				TARGETED_DEVICE_FAMILY = "1,2";
			};
			name = Release;
		};
		E4195ADA239F93350096D314 /* Debug */ = {
			isa = XCBuildConfiguration;
			buildSettings = {
				BUNDLE_LOADER = "$(TEST_HOST)";
				CODE_SIGN_STYLE = Automatic;
				INFOPLIST_FILE = "测试Tests/Info.plist";
				LD_RUNPATH_SEARCH_PATHS = (
					"$(inherited)",
					"@executable_path/Frameworks",
					"@loader_path/Frameworks",
				);
				PRODUCT_BUNDLE_IDENTIFIER = "fujia.--Tests";
				PRODUCT_NAME = "$(TARGET_NAME)";
				TARGETED_DEVICE_FAMILY = "1,2";
				TEST_HOST = "$(BUILT_PRODUCTS_DIR)/测试.app/测试";
			};
			name = Debug;
		};
		E4195ADB239F93350096D314 /* Release */ = {
			isa = XCBuildConfiguration;
			buildSettings = {
				BUNDLE_LOADER = "$(TEST_HOST)";
				CODE_SIGN_STYLE = Automatic;
				INFOPLIST_FILE = "测试Tests/Info.plist";
				LD_RUNPATH_SEARCH_PATHS = (
					"$(inherited)",
					"@executable_path/Frameworks",
					"@loader_path/Frameworks",
				);
				PRODUCT_BUNDLE_IDENTIFIER = "fujia.--Tests";
				PRODUCT_NAME = "$(TARGET_NAME)";
				TARGETED_DEVICE_FAMILY = "1,2";
				TEST_HOST = "$(BUILT_PRODUCTS_DIR)/测试.app/测试";
			};
			name = Release;
		};
		E4195ADD239F93350096D314 /* Debug */ = {
			isa = XCBuildConfiguration;
			buildSettings = {
				CODE_SIGN_STYLE = Automatic;
				INFOPLIST_FILE = "测试UITests/Info.plist";
				LD_RUNPATH_SEARCH_PATHS = (
					"$(inherited)",
					"@executable_path/Frameworks",
					"@loader_path/Frameworks",
				);
				PRODUCT_BUNDLE_IDENTIFIER = "fujia.--UITests";
				PRODUCT_NAME = "$(TARGET_NAME)";
				TARGETED_DEVICE_FAMILY = "1,2";
				TEST_TARGET_NAME = "测试";
			};
			name = Debug;
		};
		E4195ADE239F93350096D314 /* Release */ = {
			isa = XCBuildConfiguration;
			buildSettings = {
				CODE_SIGN_STYLE = Automatic;
				INFOPLIST_FILE = "测试UITests/Info.plist";
				LD_RUNPATH_SEARCH_PATHS = (
					"$(inherited)",
					"@executable_path/Frameworks",
					"@loader_path/Frameworks",
				);
				PRODUCT_BUNDLE_IDENTIFIER = "fujia.--UITests";
				PRODUCT_NAME = "$(TARGET_NAME)";
				TARGETED_DEVICE_FAMILY = "1,2";
				TEST_TARGET_NAME = "测试";
			};
			name = Release;
		};
/* End XCBuildConfiguration section */

/* Begin XCConfigurationList section */
		E4195AA5239F93340096D314 /* Build configuration list for PBXProject "测试" */ = {
			isa = XCConfigurationList;
			buildConfigurations = (
				E4195AD4239F93350096D314 /* Debug */,
				E4195AD5239F93350096D314 /* Release */,
			);
			defaultConfigurationIsVisible = 0;
			defaultConfigurationName = Release;
		};
		E4195AD6239F93350096D314 /* Build configuration list for PBXNativeTarget "测试" */ = {
			isa = XCConfigurationList;
			buildConfigurations = (
				E4195AD7239F93350096D314 /* Debug */,
				E4195AD8239F93350096D314 /* Release */,
			);
			defaultConfigurationIsVisible = 0;
			defaultConfigurationName = Release;
		};
		E4195AD9239F93350096D314 /* Build configuration list for PBXNativeTarget "测试Tests" */ = {
			isa = XCConfigurationList;
			buildConfigurations = (
				E4195ADA239F93350096D314 /* Debug */,
				E4195ADB239F93350096D314 /* Release */,
			);
			defaultConfigurationIsVisible = 0;
			defaultConfigurationName = Release;
		};
		E4195ADC239F93350096D314 /* Build configuration list for PBXNativeTarget "测试UITests" */ = {
			isa = XCConfigurationList;
			buildConfigurations = (
				E4195ADD239F93350096D314 /* Debug */,
				E4195ADE239F93350096D314 /* Release */,
			);
			defaultConfigurationIsVisible = 0;
			defaultConfigurationName = Release;
		};
/* End XCConfigurationList section */
	};
	rootObject = E4195AA2239F93340096D314 /* Project object */;
}
